
Microsoft Visual Studio Solution File, Format Version 12.00
# Visual Studio Version 17
VisualStudioVersion = 17.0.32014.148
MinimumVisualStudioVersion = 10.0.40219.1
Project("{9A19103F-16F7-4668-BE54-9A1E7A4F7556}") = "Lab_6", "Lab_6.csproj", "{812765CE-E440-4572-8175-F1168F095DE6}"
EndProject
Project("{FAE04EC0-301F-11D3-BF4B-00C04F79EFBC}") = "Lab_6.2", "..\Lab_6.2\Lab_6.2.csproj", "{57EE2632-12B0-40C6-9855-B0F5E5808FBC}"
EndProject
Global
	GlobalSection(SolutionConfigurationPlatforms) = preSolution
		Debug|Any CPU = Debug|Any CPU
		Release|Any CPU = Release|Any CPU
	EndGlobalSection
	GlobalSection(ProjectConfigurationPlatforms) = postSolution
		{812765CE-E440-4572-8175-F1168F095DE6}.Debug|Any CPU.ActiveCfg = Debug|Any CPU
		{812765CE-E440-4572-8175-F1168F095DE6}.Debug|Any CPU.Build.0 = Debug|Any CPU
		{812765CE-E440-4572-8175-F1168F095DE6}.Release|Any CPU.ActiveCfg = Release|Any CPU
		{812765CE-E440-4572-8175-F1168F095DE6}.Release|Any CPU.Build.0 = Release|Any CPU
		{57EE2632-12B0-40C6-9855-B0F5E5808FBC}.Debug|Any CPU.ActiveCfg = Debug|Any CPU
		{57EE2632-12B0-40C6-9855-B0F5E5808FBC}.Debug|Any CPU.Build.0 = Debug|Any CPU
		{57EE2632-12B0-40C6-9855-B0F5E5808FBC}.Release|Any CPU.ActiveCfg = Release|Any CPU
		{57EE2632-12B0-40C6-9855-B0F5E5808FBC}.Release|Any CPU.Build.0 = Release|Any CPU
	EndGlobalSection
	GlobalSection(SolutionProperties) = preSolution
		HideSolutionNode = FALSE
	EndGlobalSection
	GlobalSection(ExtensibilityGlobals) = postSolution
		SolutionGuid = {AD2EEAC2-B322-4229-9CA8-7D7B3B7444D7}
	EndGlobalSection
EndGlobal
